
Microsoft Visual Studio Solution File, Format Version 11.00
# Visual Studio 2010
Project("{FAE04EC0-301F-11D3-BF4B-00C04F79EFBC}") = "FYP-master", "Assembly-CSharp-firstpass.csproj", "{3DDA1CE2-2A0D-3825-0395-058EADDFAE8D}"
EndProject
Project("{FAE04EC0-301F-11D3-BF4B-00C04F79EFBC}") = "FYP-master", "Assembly-CSharp.csproj", "{CC3EE3B6-3552-D4A2-9377-3D1BCBC15047}"
EndProject
Project("{FAE04EC0-301F-11D3-BF4B-00C04F79EFBC}") = "FYP-master", "Assembly-CSharp-Editor.csproj", "{FC7F864C-39C6-5F97-56EE-7F5EBF892EF5}"
EndProject
Global
	GlobalSection(SolutionConfigurationPlatforms) = preSolution
		Debug|Any CPU = Debug|Any CPU
		Release|Any CPU = Release|Any CPU
	EndGlobalSection
	GlobalSection(ProjectConfigurationPlatforms) = postSolution
		{3DDA1CE2-2A0D-3825-0395-058EADDFAE8D}.Debug|Any CPU.ActiveCfg = Debug|Any CPU
		{3DDA1CE2-2A0D-3825-0395-058EADDFAE8D}.Debug|Any CPU.Build.0 = Debug|Any CPU
		{3DDA1CE2-2A0D-3825-0395-058EADDFAE8D}.Release|Any CPU.ActiveCfg = Release|Any CPU
		{3DDA1CE2-2A0D-3825-0395-058EADDFAE8D}.Release|Any CPU.Build.0 = Release|Any CPU
		{CC3EE3B6-3552-D4A2-9377-3D1BCBC15047}.Debug|Any CPU.ActiveCfg = Debug|Any CPU
		{CC3EE3B6-3552-D4A2-9377-3D1BCBC15047}.Debug|Any CPU.Build.0 = Debug|Any CPU
		{CC3EE3B6-3552-D4A2-9377-3D1BCBC15047}.Release|Any CPU.ActiveCfg = Release|Any CPU
		{CC3EE3B6-3552-D4A2-9377-3D1BCBC15047}.Release|Any CPU.Build.0 = Release|Any CPU
		{FC7F864C-39C6-5F97-56EE-7F5EBF892EF5}.Debug|Any CPU.ActiveCfg = Debug|Any CPU
		{FC7F864C-39C6-5F97-56EE-7F5EBF892EF5}.Debug|Any CPU.Build.0 = Debug|Any CPU
		{FC7F864C-39C6-5F97-56EE-7F5EBF892EF5}.Release|Any CPU.ActiveCfg = Release|Any CPU
		{FC7F864C-39C6-5F97-56EE-7F5EBF892EF5}.Release|Any CPU.Build.0 = Release|Any CPU
	EndGlobalSection
	GlobalSection(SolutionProperties) = preSolution
		HideSolutionNode = FALSE
	EndGlobalSection
	GlobalSection(MonoDevelopProperties) = preSolution
		StartupItem = Assembly-CSharp.csproj
	EndGlobalSection
EndGlobal
